
Microsoft Visual Studio Solution File, Format Version 12.00
# Visual Studio 15
VisualStudioVersion = 15.0.28307.136
MinimumVisualStudioVersion = 10.0.40219.1
Project("{FAE04EC0-301F-11D3-BF4B-00C04F79EFBC}") = "MVC", "MVC\MVC.csproj", "{12408F16-D18D-4C54-96C0-8401B7EA10EA}"
EndProject
Global
	GlobalSection(SolutionConfigurationPlatforms) = preSolution
		Debug|Any CPU = Debug|Any CPU
		Release|Any CPU = Release|Any CPU
	EndGlobalSection
	GlobalSection(ProjectConfigurationPlatforms) = postSolution
		{12408F16-D18D-4C54-96C0-8401B7EA10EA}.Debug|Any CPU.ActiveCfg = Debug|Any CPU
		{12408F16-D18D-4C54-96C0-8401B7EA10EA}.Debug|Any CPU.Build.0 = Debug|Any CPU
		{12408F16-D18D-4C54-96C0-8401B7EA10EA}.Release|Any CPU.ActiveCfg = Release|Any CPU
		{12408F16-D18D-4C54-96C0-8401B7EA10EA}.Release|Any CPU.Build.0 = Release|Any CPU
	EndGlobalSection
	GlobalSection(SolutionProperties) = preSolution
		HideSolutionNode = FALSE
	EndGlobalSection
	GlobalSection(ExtensibilityGlobals) = postSolution
		SolutionGuid = {A1E2F494-34B3-4F08-B391-E491CFBE14CA}
	EndGlobalSection
EndGlobal
